
Microsoft Visual Studio Solution File, Format Version 12.00
# Visual Studio Version 17
VisualStudioVersion = 17.6.33815.320
MinimumVisualStudioVersion = 10.0.40219.1
Project("{9A19103F-16F7-4668-BE54-9A1E7A4F7556}") = "Elevator.Model", "Elevator.Model\Elevator.Model.csproj", "{E60766A1-57FC-436F-8398-957CA5B15B9E}"
EndProject
Project("{9A19103F-16F7-4668-BE54-9A1E7A4F7556}") = "Elevator.BL", "Elevator.BL\Elevator.BL.csproj", "{150B3A6D-880C-4088-9537-2004FBAD7A19}"
EndProject
Project("{9A19103F-16F7-4668-BE54-9A1E7A4F7556}") = "Elevator.Tests", "Elevator.Tests\Elevator.Tests.csproj", "{4753E7AD-4C3C-49DA-A93A-D28D6BDC12C5}"
EndProject
Project("{FAE04EC0-301F-11D3-BF4B-00C04F79EFBC}") = "Elevator.UI", "Elevator.UI\Elevator.UI.csproj", "{18867623-D028-4287-8E7C-7E5164E067B4}"
EndProject
Global
	GlobalSection(SolutionConfigurationPlatforms) = preSolution
		Debug|Any CPU = Debug|Any CPU
		Release|Any CPU = Release|Any CPU
	EndGlobalSection
	GlobalSection(ProjectConfigurationPlatforms) = postSolution
		{E60766A1-57FC-436F-8398-957CA5B15B9E}.Debug|Any CPU.ActiveCfg = Debug|Any CPU
		{E60766A1-57FC-436F-8398-957CA5B15B9E}.Debug|Any CPU.Build.0 = Debug|Any CPU
		{E60766A1-57FC-436F-8398-957CA5B15B9E}.Release|Any CPU.ActiveCfg = Release|Any CPU
		{E60766A1-57FC-436F-8398-957CA5B15B9E}.Release|Any CPU.Build.0 = Release|Any CPU
		{150B3A6D-880C-4088-9537-2004FBAD7A19}.Debug|Any CPU.ActiveCfg = Debug|Any CPU
		{150B3A6D-880C-4088-9537-2004FBAD7A19}.Debug|Any CPU.Build.0 = Debug|Any CPU
		{150B3A6D-880C-4088-9537-2004FBAD7A19}.Release|Any CPU.ActiveCfg = Release|Any CPU
		{150B3A6D-880C-4088-9537-2004FBAD7A19}.Release|Any CPU.Build.0 = Release|Any CPU
		{4753E7AD-4C3C-49DA-A93A-D28D6BDC12C5}.Debug|Any CPU.ActiveCfg = Debug|Any CPU
		{4753E7AD-4C3C-49DA-A93A-D28D6BDC12C5}.Debug|Any CPU.Build.0 = Debug|Any CPU
		{4753E7AD-4C3C-49DA-A93A-D28D6BDC12C5}.Release|Any CPU.ActiveCfg = Release|Any CPU
		{4753E7AD-4C3C-49DA-A93A-D28D6BDC12C5}.Release|Any CPU.Build.0 = Release|Any CPU
		{18867623-D028-4287-8E7C-7E5164E067B4}.Debug|Any CPU.ActiveCfg = Debug|Any CPU
		{18867623-D028-4287-8E7C-7E5164E067B4}.Debug|Any CPU.Build.0 = Debug|Any CPU
		{18867623-D028-4287-8E7C-7E5164E067B4}.Release|Any CPU.ActiveCfg = Release|Any CPU
		{18867623-D028-4287-8E7C-7E5164E067B4}.Release|Any CPU.Build.0 = Release|Any CPU
	EndGlobalSection
	GlobalSection(SolutionProperties) = preSolution
		HideSolutionNode = FALSE
	EndGlobalSection
	GlobalSection(ExtensibilityGlobals) = postSolution
		SolutionGuid = {777D0D65-0C5F-498C-ABB0-3B60092B3022}
	EndGlobalSection
EndGlobal
